// !$*UTF8*$!
{
	archiveVersion = 1;
	classes = {
	};
	objectVersion = 46;
	objects = {

/* Begin PBXBuildFile section */
		7137F8891E803FE900067173 /* AppDelegate.swift in Sources */ = {isa = PBXBuildFile; fileRef = 7137F8881E803FE900067173 /* AppDelegate.swift */; };
		7137F88E1E803FE900067173 /* Main.storyboard in Resources */ = {isa = PBXBuildFile; fileRef = 7137F88C1E803FE900067173 /* Main.storyboard */; };
		7137F8901E803FE900067173 /* Assets.xcassets in Resources */ = {isa = PBXBuildFile; fileRef = 7137F88F1E803FE900067173 /* Assets.xcassets */; };
		7137F8931E803FE900067173 /* LaunchScreen.storyboard in Resources */ = {isa = PBXBuildFile; fileRef = 7137F8911E803FE900067173 /* LaunchScreen.storyboard */; };
		7137F89B1E8052AF00067173 /* tweet.json in Resources */ = {isa = PBXBuildFile; fileRef = 7137F89A1E8052AF00067173 /* tweet.json */; };
		7137F89D1E8053F100067173 /* Tweet.swift in Sources */ = {isa = PBXBuildFile; fileRef = 7137F89C1E8053F100067173 /* Tweet.swift */; };
		7137F89F1E80540E00067173 /* User.swift in Sources */ = {isa = PBXBuildFile; fileRef = 7137F89E1E80540E00067173 /* User.swift */; };
		7137F8A11E806D7800067173 /* JSONParser.swift in Sources */ = {isa = PBXBuildFile; fileRef = 7137F8A01E806D7800067173 /* JSONParser.swift */; };
		7137F8A31E80781600067173 /* HomeTimelineViewController.swift in Sources */ = {isa = PBXBuildFile; fileRef = 7137F8A21E80781600067173 /* HomeTimelineViewController.swift */; };
		7137F8A81E80899000067173 /* Tweets.swift in Sources */ = {isa = PBXBuildFile; fileRef = 7137F8A71E80899000067173 /* Tweets.swift */; };
/* End PBXBuildFile section */

/* Begin PBXFileReference section */
		7137F8851E803FE900067173 /* Twitter Client.app */ = {isa = PBXFileReference; explicitFileType = wrapper.application; includeInIndex = 0; path = "Twitter Client.app"; sourceTree = BUILT_PRODUCTS_DIR; };
		7137F8881E803FE900067173 /* AppDelegate.swift */ = {isa = PBXFileReference; lastKnownFileType = sourcecode.swift; path = AppDelegate.swift; sourceTree = "<group>"; };
		7137F88D1E803FE900067173 /* Base */ = {isa = PBXFileReference; lastKnownFileType = file.storyboard; name = Base; path = Base.lproj/Main.storyboard; sourceTree = "<group>"; };
		7137F88F1E803FE900067173 /* Assets.xcassets */ = {isa = PBXFileReference; lastKnownFileType = folder.assetcatalog; path = Assets.xcassets; sourceTree = "<group>"; };
		7137F8921E803FE900067173 /* Base */ = {isa = PBXFileReference; lastKnownFileType = file.storyboard; name = Base; path = Base.lproj/LaunchScreen.storyboard; sourceTree = "<group>"; };
		7137F8941E803FE900067173 /* Info.plist */ = {isa = PBXFileReference; lastKnownFileType = text.plist.xml; path = Info.plist; sourceTree = "<group>"; };
		7137F89A1E8052AF00067173 /* tweet.json */ = {isa = PBXFileReference; fileEncoding = 4; lastKnownFileType = text.json; path = tweet.json; sourceTree = "<group>"; };
		7137F89C1E8053F100067173 /* Tweet.swift */ = {isa = PBXFileReference; fileEncoding = 4; lastKnownFileType = sourcecode.swift; path = Tweet.swift; sourceTree = "<group>"; };
		7137F89E1E80540E00067173 /* User.swift */ = {isa = PBXFileReference; fileEncoding = 4; lastKnownFileType = sourcecode.swift; path = User.swift; sourceTree = "<group>"; };
		7137F8A01E806D7800067173 /* JSONParser.swift */ = {isa = PBXFileReference; fileEncoding = 4; lastKnownFileType = sourcecode.swift; path = JSONParser.swift; sourceTree = "<group>"; };
		7137F8A21E80781600067173 /* HomeTimelineViewController.swift */ = {isa = PBXFileReference; fileEncoding = 4; lastKnownFileType = sourcecode.swift; path = HomeTimelineViewController.swift; sourceTree = "<group>"; };
		7137F8A71E80899000067173 /* Tweets.swift */ = {isa = PBXFileReference; fileEncoding = 4; lastKnownFileType = sourcecode.swift; path = Tweets.swift; sourceTree = "<group>"; };
/* End PBXFileReference section */

/* Begin PBXFrameworksBuildPhase section */
		7137F8821E803FE900067173 /* Frameworks */ = {
			isa = PBXFrameworksBuildPhase;
			buildActionMask = 2147483647;
			files = (
			);
			runOnlyForDeploymentPostprocessing = 0;
		};
/* End PBXFrameworksBuildPhase section */

/* Begin PBXGroup section */
		7137F87C1E803FE900067173 = {
			isa = PBXGroup;
			children = (
				7137F8871E803FE900067173 /* Twitter Client */,
				7137F8861E803FE900067173 /* Products */,
			);
			sourceTree = "<group>";
		};
		7137F8861E803FE900067173 /* Products */ = {
			isa = PBXGroup;
			children = (
				7137F8851E803FE900067173 /* Twitter Client.app */,
			);
			name = Products;
			sourceTree = "<group>";
		};
		7137F8871E803FE900067173 /* Twitter Client */ = {
			isa = PBXGroup;
			children = (
				7137F8A61E8088ED00067173 /* Controller */,
				7137F8881E803FE900067173 /* AppDelegate.swift */,
				7137F8A41E8088BD00067173 /* View */,
				7137F88F1E803FE900067173 /* Assets.xcassets */,
				7137F8A51E8088E200067173 /* Model */,
				7137F8941E803FE900067173 /* Info.plist */,
			);
			path = "Twitter Client";
			sourceTree = "<group>";
		};
		7137F8A41E8088BD00067173 /* View */ = {
			isa = PBXGroup;
			children = (
				7137F88C1E803FE900067173 /* Main.storyboard */,
				7137F8911E803FE900067173 /* LaunchScreen.storyboard */,
			);
			name = View;
			sourceTree = "<group>";
		};
		7137F8A51E8088E200067173 /* Model */ = {
			isa = PBXGroup;
			children = (
				7137F89C1E8053F100067173 /* Tweet.swift */,
				7137F89E1E80540E00067173 /* User.swift */,
				7137F89A1E8052AF00067173 /* tweet.json */,
				7137F8A01E806D7800067173 /* JSONParser.swift */,
				7137F8A71E80899000067173 /* Tweets.swift */,
			);
			name = Model;
			sourceTree = "<group>";
		};
		7137F8A61E8088ED00067173 /* Controller */ = {
			isa = PBXGroup;
			children = (
				7137F8A21E80781600067173 /* HomeTimelineViewController.swift */,
			);
			name = Controller;
			sourceTree = "<group>";
		};
/* End PBXGroup section */

/* Begin PBXNativeTarget section */
		7137F8841E803FE900067173 /* Twitter Client */ = {
			isa = PBXNativeTarget;
			buildConfigurationList = 7137F8971E803FE900067173 /* Build configuration list for PBXNativeTarget "Twitter Client" */;
			buildPhases = (
				7137F8811E803FE900067173 /* Sources */,
				7137F8821E803FE900067173 /* Frameworks */,
				7137F8831E803FE900067173 /* Resources */,
			);
			buildRules = (
			);
			dependencies = (
			);
			name = "Twitter Client";
			productName = "Twitter Client";
			productReference = 7137F8851E803FE900067173 /* Twitter Client.app */;
			productType = "com.apple.product-type.application";
		};
/* End PBXNativeTarget section */

/* Begin PBXProject section */
		7137F87D1E803FE900067173 /* Project object */ = {
			isa = PBXProject;
			attributes = {
				LastSwiftUpdateCheck = 0820;
				LastUpgradeCheck = 0820;
				ORGANIZATIONNAME = "Brandon Little";
				TargetAttributes = {
					7137F8841E803FE900067173 = {
						CreatedOnToolsVersion = 8.2.1;
						DevelopmentTeam = PQL3EX4TE2;
						ProvisioningStyle = Automatic;
					};
				};
			};
			buildConfigurationList = 7137F8801E803FE900067173 /* Build configuration list for PBXProject "Twitter Client" */;
			compatibilityVersion = "Xcode 3.2";
			developmentRegion = English;
			hasScannedForEncodings = 0;
			knownRegions = (
				en,
				Base,
			);
			mainGroup = 7137F87C1E803FE900067173;
			productRefGroup = 7137F8861E803FE900067173 /* Products */;
			projectDirPath = "";
			projectRoot = "";
			targets = (
				7137F8841E803FE900067173 /* Twitter Client */,
			);
		};
/* End PBXProject section */

/* Begin PBXResourcesBuildPhase section */
		7137F8831E803FE900067173 /* Resources */ = {
			isa = PBXResourcesBuildPhase;
			buildActionMask = 2147483647;
			files = (
				7137F8931E803FE900067173 /* LaunchScreen.storyboard in Resources */,
				7137F8901E803FE900067173 /* Assets.xcassets in Resources */,
				7137F88E1E803FE900067173 /* Main.storyboard in Resources */,
				7137F89B1E8052AF00067173 /* tweet.json in Resources */,
			);
			runOnlyForDeploymentPostprocessing = 0;
		};
/* End PBXResourcesBuildPhase section */

/* Begin PBXSourcesBuildPhase section */
		7137F8811E803FE900067173 /* Sources */ = {
			isa = PBXSourcesBuildPhase;
			buildActionMask = 2147483647;
			files = (
				7137F89F1E80540E00067173 /* User.swift in Sources */,
				7137F8A11E806D7800067173 /* JSONParser.swift in Sources */,
				7137F89D1E8053F100067173 /* Tweet.swift in Sources */,
				7137F8891E803FE900067173 /* AppDelegate.swift in Sources */,
				7137F8A31E80781600067173 /* HomeTimelineViewController.swift in Sources */,
				7137F8A81E80899000067173 /* Tweets.swift in Sources */,
			);
			runOnlyForDeploymentPostprocessing = 0;
		};
/* End PBXSourcesBuildPhase section */

/* Begin PBXVariantGroup section */
		7137F88C1E803FE900067173 /* Main.storyboard */ = {
			isa = PBXVariantGroup;
			children = (
				7137F88D1E803FE900067173 /* Base */,
			);
			name = Main.storyboard;
			sourceTree = "<group>";
		};
		7137F8911E803FE900067173 /* LaunchScreen.storyboard */ = {
			isa = PBXVariantGroup;
			children = (
				7137F8921E803FE900067173 /* Base */,
			);
			name = LaunchScreen.storyboard;
			sourceTree = "<group>";
		};
/* End PBXVariantGroup section */

/* Begin XCBuildConfiguration section */
		7137F8951E803FE900067173 /* Debug */ = {
			isa = XCBuildConfiguration;
			buildSettings = {
				ALWAYS_SEARCH_USER_PATHS = NO;
				CLANG_ANALYZER_NONNULL = YES;
				CLANG_CXX_LANGUAGE_STANDARD = "gnu++0x";
				CLANG_CXX_LIBRARY = "libc++";
				CLANG_ENABLE_MODULES = YES;
				CLANG_ENABLE_OBJC_ARC = YES;
				CLANG_WARN_BOOL_CONVERSION = YES;
				CLANG_WARN_CONSTANT_CONVERSION = YES;
				CLANG_WARN_DIRECT_OBJC_ISA_USAGE = YES_ERROR;
				CLANG_WARN_DOCUMENTATION_COMMENTS = YES;
				CLANG_WARN_EMPTY_BODY = YES;
				CLANG_WARN_ENUM_CONVERSION = YES;
				CLANG_WARN_INFINITE_RECURSION = YES;
				CLANG_WARN_INT_CONVERSION = YES;
				CLANG_WARN_OBJC_ROOT_CLASS = YES_ERROR;
				CLANG_WARN_SUSPICIOUS_MOVE = YES;
				CLANG_WARN_UNREACHABLE_CODE = YES;
				CLANG_WARN__DUPLICATE_METHOD_MATCH = YES;
				"CODE_SIGN_IDENTITY[sdk=iphoneos*]" = "iPhone Developer";
				COPY_PHASE_STRIP = NO;
				DEBUG_INFORMATION_FORMAT = dwarf;
				ENABLE_STRICT_OBJC_MSGSEND = YES;
				ENABLE_TESTABILITY = YES;
				GCC_C_LANGUAGE_STANDARD = gnu99;
				GCC_DYNAMIC_NO_PIC = NO;
				GCC_NO_COMMON_BLOCKS = YES;
				GCC_OPTIMIZATION_LEVEL = 0;
				GCC_PREPROCESSOR_DEFINITIONS = (
					"DEBUG=1",
					"$(inherited)",
				);
				GCC_WARN_64_TO_32_BIT_CONVERSION = YES;
				GCC_WARN_ABOUT_RETURN_TYPE = YES_ERROR;
				GCC_WARN_UNDECLARED_SELECTOR = YES;
				GCC_WARN_UNINITIALIZED_AUTOS = YES_AGGRESSIVE;
				GCC_WARN_UNUSED_FUNCTION = YES;
				GCC_WARN_UNUSED_VARIABLE = YES;
				IPHONEOS_DEPLOYMENT_TARGET = 10.2;
				MTL_ENABLE_DEBUG_INFO = YES;
				ONLY_ACTIVE_ARCH = YES;
				SDKROOT = iphoneos;
				SWIFT_ACTIVE_COMPILATION_CONDITIONS = DEBUG;
				SWIFT_OPTIMIZATION_LEVEL = "-Onone";
				TARGETED_DEVICE_FAMILY = "1,2";
			};
			name = Debug;
		};
		7137F8961E803FE900067173 /* Release */ = {
			isa = XCBuildConfiguration;
			buildSettings = {
				ALWAYS_SEARCH_USER_PATHS = NO;
				CLANG_ANALYZER_NONNULL = YES;
				CLANG_CXX_LANGUAGE_STANDARD = "gnu++0x";
				CLANG_CXX_LIBRARY = "libc++";
				CLANG_ENABLE_MODULES = YES;
				CLANG_ENABLE_OBJC_ARC = YES;
				CLANG_WARN_BOOL_CONVERSION = YES;
				CLANG_WARN_CONSTANT_CONVERSION = YES;
				CLANG_WARN_DIRECT_OBJC_ISA_USAGE = YES_ERROR;
				CLANG_WARN_DOCUMENTATION_COMMENTS = YES;
				CLANG_WARN_EMPTY_BODY = YES;
				CLANG_WARN_ENUM_CONVERSION = YES;
				CLANG_WARN_INFINITE_RECURSION = YES;
				CLANG_WARN_INT_CONVERSION = YES;
				CLANG_WARN_OBJC_ROOT_CLASS = YES_ERROR;
				CLANG_WARN_SUSPICIOUS_MOVE = YES;
				CLANG_WARN_UNREACHABLE_CODE = YES;
				CLANG_WARN__DUPLICATE_METHOD_MATCH = YES;
				"CODE_SIGN_IDENTITY[sdk=iphoneos*]" = "iPhone Developer";
				COPY_PHASE_STRIP = NO;
				DEBUG_INFORMATION_FORMAT = "dwarf-with-dsym";
				ENABLE_NS_ASSERTIONS = NO;
				ENABLE_STRICT_OBJC_MSGSEND = YES;
				GCC_C_LANGUAGE_STANDARD = gnu99;
				GCC_NO_COMMON_BLOCKS = YES;
				GCC_WARN_64_TO_32_BIT_CONVERSION = YES;
				GCC_WARN_ABOUT_RETURN_TYPE = YES_ERROR;
				GCC_WARN_UNDECLARED_SELECTOR = YES;
				GCC_WARN_UNINITIALIZED_AUTOS = YES_AGGRESSIVE;
				GCC_WARN_UNUSED_FUNCTION = YES;
				GCC_WARN_UNUSED_VARIABLE = YES;
				IPHONEOS_DEPLOYMENT_TARGET = 10.2;
				MTL_ENABLE_DEBUG_INFO = NO;
				SDKROOT = iphoneos;
				SWIFT_OPTIMIZATION_LEVEL = "-Owholemodule";
				TARGETED_DEVICE_FAMILY = "1,2";
				VALIDATE_PRODUCT = YES;
			};
			name = Release;
		};
		7137F8981E803FE900067173 /* Debug */ = {
			isa = XCBuildConfiguration;
			buildSettings = {
				ASSETCATALOG_COMPILER_APPICON_NAME = AppIcon;
				"CODE_SIGN_IDENTITY[sdk=iphoneos*]" = "iPhone Developer";
				DEVELOPMENT_TEAM = PQL3EX4TE2;
				INFOPLIST_FILE = "Twitter Client/Info.plist";
				LD_RUNPATH_SEARCH_PATHS = "$(inherited) @executable_path/Frameworks";
				PRODUCT_BUNDLE_IDENTIFIER = "Brandon-Little.Twitter-Client";
				PRODUCT_NAME = "$(TARGET_NAME)";
				SWIFT_VERSION = 3.0;
			};
			name = Debug;
		};
		7137F8991E803FE900067173 /* Release */ = {
			isa = XCBuildConfiguration;
			buildSettings = {
				ASSETCATALOG_COMPILER_APPICON_NAME = AppIcon;
				"CODE_SIGN_IDENTITY[sdk=iphoneos*]" = "iPhone Developer";
				DEVELOPMENT_TEAM = PQL3EX4TE2;
				INFOPLIST_FILE = "Twitter Client/Info.plist";
				LD_RUNPATH_SEARCH_PATHS = "$(inherited) @executable_path/Frameworks";
				PRODUCT_BUNDLE_IDENTIFIER = "Brandon-Little.Twitter-Client";
				PRODUCT_NAME = "$(TARGET_NAME)";
				SWIFT_VERSION = 3.0;
			};
			name = Release;
		};
/* End XCBuildConfiguration section */

/* Begin XCConfigurationList section */
		7137F8801E803FE900067173 /* Build configuration list for PBXProject "Twitter Client" */ = {
			isa = XCConfigurationList;
			buildConfigurations = (
				7137F8951E803FE900067173 /* Debug */,
				7137F8961E803FE900067173 /* Release */,
			);
			defaultConfigurationIsVisible = 0;
			defaultConfigurationName = Release;
		};
		7137F8971E803FE900067173 /* Build configuration list for PBXNativeTarget "Twitter Client" */ = {
			isa = XCConfigurationList;
			buildConfigurations = (
				7137F8981E803FE900067173 /* Debug */,
				7137F8991E803FE900067173 /* Release */,
			);
			defaultConfigurationIsVisible = 0;
		};
/* End XCConfigurationList section */
	};
	rootObject = 7137F87D1E803FE900067173 /* Project object */;
}
